
Microsoft Visual Studio Solution File, Format Version 12.00
# Visual Studio Version 17
VisualStudioVersion = 17.0.31903.59
MinimumVisualStudioVersion = 10.0.40219.1
Project("{2150E333-8FDC-42A3-9474-1A3956D46DE8}") = "src", "src", "{827E0CD3-B72D-47B6-A68D-7590B98EB39B}"
EndProject
Project("{FAE04EC0-301F-11D3-BF4B-00C04F79EFBC}") = "ShaRPC.Core", "src\ShaRPC.Core\ShaRPC.Core.csproj", "{A9A0962F-DC8B-4BE3-B598-97FBC8C056C7}"
EndProject
Project("{FAE04EC0-301F-11D3-BF4B-00C04F79EFBC}") = "ShaRPC.SourceGenerator", "src\ShaRPC.SourceGenerator\ShaRPC.SourceGenerator.csproj", "{8FA8EE46-89DA-4B52-9321-304B5D4826A6}"
EndProject
Project("{FAE04EC0-301F-11D3-BF4B-00C04F79EFBC}") = "ShaRPC.Transports.Tcp", "src\ShaRPC.Transports.Tcp\ShaRPC.Transports.Tcp.csproj", "{0A26AD52-644F-4D05-B779-5EAE3C48A577}"
EndProject
Project("{FAE04EC0-301F-11D3-BF4B-00C04F79EFBC}") = "ShaRPC.Serializers.MessagePack", "src\ShaRPC.Serializers.MessagePack\ShaRPC.Serializers.MessagePack.csproj", "{0644CFA7-3B4F-408C-ACBA-502914AE7053}"
EndProject
Project("{FAE04EC0-301F-11D3-BF4B-00C04F79EFBC}") = "Shared", "samples\GameService\Shared\Shared.csproj", "{BBB78EE7-4E26-4CE5-A8CF-31C1EF600FE2}"
EndProject
Project("{FAE04EC0-301F-11D3-BF4B-00C04F79EFBC}") = "Server", "samples\GameService\Server\Server.csproj", "{303A90A8-EBCF-4793-AEA2-9DE75689C014}"
EndProject
Project("{FAE04EC0-301F-11D3-BF4B-00C04F79EFBC}") = "Client", "samples\GameService\Client\Client.csproj", "{8D8F3A4D-CB28-46AA-9EF6-F8DDDF1C00D3}"
EndProject
Project("{FAE04EC0-301F-11D3-BF4B-00C04F79EFBC}") = "ShaRPC.Tests", "tests\ShaRPC.Tests\ShaRPC.Tests.csproj", "{AEDB37E6-F0E1-44FB-829F-536542272713}"
EndProject
Project("{2150E333-8FDC-42A3-9474-1A3956D46DE8}") = "tests", "tests", "{0AB3BF05-4346-4AA6-1389-037BE0695223}"
EndProject
Project("{FAE04EC0-301F-11D3-BF4B-00C04F79EFBC}") = "ShaRPC.SourceGenerator.Tests", "tests\ShaRPC.SourceGenerator.Tests\ShaRPC.SourceGenerator.Tests.csproj", "{39C6BCA6-1856-4A0B-A3C3-AA2A6C87C4DA}"
EndProject
Project("{2150E333-8FDC-42A3-9474-1A3956D46DE8}") = "samples", "samples", "{5D20AA90-6969-D8BD-9DCD-8634F4692FDA}"
EndProject
Project("{2150E333-8FDC-42A3-9474-1A3956D46DE8}") = "Inventory", "Inventory", "{689FEDE2-90BB-DC48-387A-B72E0D0FF900}"
EndProject
Project("{2150E333-8FDC-42A3-9474-1A3956D46DE8}") = "Shared", "Shared", "{57302B84-4D1C-6FA3-A141-34C88E4B4E21}"
EndProject
Project("{FAE04EC0-301F-11D3-BF4B-00C04F79EFBC}") = "Inventory.Shared", "samples\Inventory\Shared\Inventory.Shared.csproj", "{E26B62DB-8222-4596-B12D-B291E06AD610}"
EndProject
Project("{2150E333-8FDC-42A3-9474-1A3956D46DE8}") = "Server", "Server", "{60BBD065-6F81-9931-5180-0B8E308BDBFE}"
EndProject
Project("{FAE04EC0-301F-11D3-BF4B-00C04F79EFBC}") = "Inventory.Server", "samples\Inventory\Server\Inventory.Server.csproj", "{CDFAA543-87F4-435A-8A47-A20E5A2DD765}"
EndProject
Project("{2150E333-8FDC-42A3-9474-1A3956D46DE8}") = "Client", "Client", "{8011AB8A-A99C-1319-3E4F-61F248808A00}"
EndProject
Project("{FAE04EC0-301F-11D3-BF4B-00C04F79EFBC}") = "Inventory.Client", "samples\Inventory\Client\Inventory.Client.csproj", "{C841BD87-92CE-483B-A4E7-788AD2E7A82B}"
EndProject
Project("{FAE04EC0-301F-11D3-BF4B-00C04F79EFBC}") = "ShaRPC.Transports.NamedPipes", "src\ShaRPC.Transports.NamedPipes\ShaRPC.Transports.NamedPipes.csproj", "{AAF28FB3-605E-4A83-8461-1E9F568FEC72}"
EndProject
Global
	GlobalSection(SolutionConfigurationPlatforms) = preSolution
		Debug|Any CPU = Debug|Any CPU
		Debug|x64 = Debug|x64
		Debug|x86 = Debug|x86
		Release|Any CPU = Release|Any CPU
		Release|x64 = Release|x64
		Release|x86 = Release|x86
	EndGlobalSection
	GlobalSection(ProjectConfigurationPlatforms) = postSolution
		{A9A0962F-DC8B-4BE3-B598-97FBC8C056C7}.Debug|Any CPU.ActiveCfg = Debug|Any CPU
		{A9A0962F-DC8B-4BE3-B598-97FBC8C056C7}.Debug|Any CPU.Build.0 = Debug|Any CPU
		{A9A0962F-DC8B-4BE3-B598-97FBC8C056C7}.Debug|x64.ActiveCfg = Debug|Any CPU
		{A9A0962F-DC8B-4BE3-B598-97FBC8C056C7}.Debug|x64.Build.0 = Debug|Any CPU
		{A9A0962F-DC8B-4BE3-B598-97FBC8C056C7}.Debug|x86.ActiveCfg = Debug|Any CPU
		{A9A0962F-DC8B-4BE3-B598-97FBC8C056C7}.Debug|x86.Build.0 = Debug|Any CPU
		{A9A0962F-DC8B-4BE3-B598-97FBC8C056C7}.Release|Any CPU.ActiveCfg = Release|Any CPU
		{A9A0962F-DC8B-4BE3-B598-97FBC8C056C7}.Release|Any CPU.Build.0 = Release|Any CPU
		{A9A0962F-DC8B-4BE3-B598-97FBC8C056C7}.Release|x64.ActiveCfg = Release|Any CPU
		{A9A0962F-DC8B-4BE3-B598-97FBC8C056C7}.Release|x64.Build.0 = Release|Any CPU
		{A9A0962F-DC8B-4BE3-B598-97FBC8C056C7}.Release|x86.ActiveCfg = Release|Any CPU
		{A9A0962F-DC8B-4BE3-B598-97FBC8C056C7}.Release|x86.Build.0 = Release|Any CPU
		{8FA8EE46-89DA-4B52-9321-304B5D4826A6}.Debug|Any CPU.ActiveCfg = Debug|Any CPU
		{8FA8EE46-89DA-4B52-9321-304B5D4826A6}.Debug|Any CPU.Build.0 = Debug|Any CPU
		{8FA8EE46-89DA-4B52-9321-304B5D4826A6}.Debug|x64.ActiveCfg = Debug|Any CPU
		{8FA8EE46-89DA-4B52-9321-304B5D4826A6}.Debug|x64.Build.0 = Debug|Any CPU
		{8FA8EE46-89DA-4B52-9321-304B5D4826A6}.Debug|x86.ActiveCfg = Debug|Any CPU
		{8FA8EE46-89DA-4B52-9321-304B5D4826A6}.Debug|x86.Build.0 = Debug|Any CPU
		{8FA8EE46-89DA-4B52-9321-304B5D4826A6}.Release|Any CPU.ActiveCfg = Release|Any CPU
		{8FA8EE46-89DA-4B52-9321-304B5D4826A6}.Release|Any CPU.Build.0 = Release|Any CPU
		{8FA8EE46-89DA-4B52-9321-304B5D4826A6}.Release|x64.ActiveCfg = Release|Any CPU
		{8FA8EE46-89DA-4B52-9321-304B5D4826A6}.Release|x64.Build.0 = Release|Any CPU
		{8FA8EE46-89DA-4B52-9321-304B5D4826A6}.Release|x86.ActiveCfg = Release|Any CPU
		{8FA8EE46-89DA-4B52-9321-304B5D4826A6}.Release|x86.Build.0 = Release|Any CPU
		{0A26AD52-644F-4D05-B779-5EAE3C48A577}.Debug|Any CPU.ActiveCfg = Debug|Any CPU
		{0A26AD52-644F-4D05-B779-5EAE3C48A577}.Debug|Any CPU.Build.0 = Debug|Any CPU
		{0A26AD52-644F-4D05-B779-5EAE3C48A577}.Debug|x64.ActiveCfg = Debug|Any CPU
		{0A26AD52-644F-4D05-B779-5EAE3C48A577}.Debug|x64.Build.0 = Debug|Any CPU
		{0A26AD52-644F-4D05-B779-5EAE3C48A577}.Debug|x86.ActiveCfg = Debug|Any CPU
		{0A26AD52-644F-4D05-B779-5EAE3C48A577}.Debug|x86.Build.0 = Debug|Any CPU
		{0A26AD52-644F-4D05-B779-5EAE3C48A577}.Release|Any CPU.ActiveCfg = Release|Any CPU
		{0A26AD52-644F-4D05-B779-5EAE3C48A577}.Release|Any CPU.Build.0 = Release|Any CPU
		{0A26AD52-644F-4D05-B779-5EAE3C48A577}.Release|x64.ActiveCfg = Release|Any CPU
		{0A26AD52-644F-4D05-B779-5EAE3C48A577}.Release|x64.Build.0 = Release|Any CPU
		{0A26AD52-644F-4D05-B779-5EAE3C48A577}.Release|x86.ActiveCfg = Release|Any CPU
		{0A26AD52-644F-4D05-B779-5EAE3C48A577}.Release|x86.Build.0 = Release|Any CPU
		{0644CFA7-3B4F-408C-ACBA-502914AE7053}.Debug|Any CPU.ActiveCfg = Debug|Any CPU
		{0644CFA7-3B4F-408C-ACBA-502914AE7053}.Debug|Any CPU.Build.0 = Debug|Any CPU
		{0644CFA7-3B4F-408C-ACBA-502914AE7053}.Debug|x64.ActiveCfg = Debug|Any CPU
		{0644CFA7-3B4F-408C-ACBA-502914AE7053}.Debug|x64.Build.0 = Debug|Any CPU
		{0644CFA7-3B4F-408C-ACBA-502914AE7053}.Debug|x86.ActiveCfg = Debug|Any CPU
		{0644CFA7-3B4F-408C-ACBA-502914AE7053}.Debug|x86.Build.0 = Debug|Any CPU
		{0644CFA7-3B4F-408C-ACBA-502914AE7053}.Release|Any CPU.ActiveCfg = Release|Any CPU
		{0644CFA7-3B4F-408C-ACBA-502914AE7053}.Release|Any CPU.Build.0 = Release|Any CPU
		{0644CFA7-3B4F-408C-ACBA-502914AE7053}.Release|x64.ActiveCfg = Release|Any CPU
		{0644CFA7-3B4F-408C-ACBA-502914AE7053}.Release|x64.Build.0 = Release|Any CPU
		{0644CFA7-3B4F-408C-ACBA-502914AE7053}.Release|x86.ActiveCfg = Release|Any CPU
		{0644CFA7-3B4F-408C-ACBA-502914AE7053}.Release|x86.Build.0 = Release|Any CPU
		{BBB78EE7-4E26-4CE5-A8CF-31C1EF600FE2}.Debug|Any CPU.ActiveCfg = Debug|Any CPU
		{BBB78EE7-4E26-4CE5-A8CF-31C1EF600FE2}.Debug|Any CPU.Build.0 = Debug|Any CPU
		{BBB78EE7-4E26-4CE5-A8CF-31C1EF600FE2}.Debug|x64.ActiveCfg = Debug|Any CPU
		{BBB78EE7-4E26-4CE5-A8CF-31C1EF600FE2}.Debug|x64.Build.0 = Debug|Any CPU
		{BBB78EE7-4E26-4CE5-A8CF-31C1EF600FE2}.Debug|x86.ActiveCfg = Debug|Any CPU
		{BBB78EE7-4E26-4CE5-A8CF-31C1EF600FE2}.Debug|x86.Build.0 = Debug|Any CPU
		{BBB78EE7-4E26-4CE5-A8CF-31C1EF600FE2}.Release|Any CPU.ActiveCfg = Release|Any CPU
		{BBB78EE7-4E26-4CE5-A8CF-31C1EF600FE2}.Release|Any CPU.Build.0 = Release|Any CPU
		{BBB78EE7-4E26-4CE5-A8CF-31C1EF600FE2}.Release|x64.ActiveCfg = Release|Any CPU
		{BBB78EE7-4E26-4CE5-A8CF-31C1EF600FE2}.Release|x64.Build.0 = Release|Any CPU
		{BBB78EE7-4E26-4CE5-A8CF-31C1EF600FE2}.Release|x86.ActiveCfg = Release|Any CPU
		{BBB78EE7-4E26-4CE5-A8CF-31C1EF600FE2}.Release|x86.Build.0 = Release|Any CPU
		{303A90A8-EBCF-4793-AEA2-9DE75689C014}.Debug|Any CPU.ActiveCfg = Debug|Any CPU
		{303A90A8-EBCF-4793-AEA2-9DE75689C014}.Debug|Any CPU.Build.0 = Debug|Any CPU
		{303A90A8-EBCF-4793-AEA2-9DE75689C014}.Debug|x64.ActiveCfg = Debug|Any CPU
		{303A90A8-EBCF-4793-AEA2-9DE75689C014}.Debug|x64.Build.0 = Debug|Any CPU
		{303A90A8-EBCF-4793-AEA2-9DE75689C014}.Debug|x86.ActiveCfg = Debug|Any CPU
		{303A90A8-EBCF-4793-AEA2-9DE75689C014}.Debug|x86.Build.0 = Debug|Any CPU
		{303A90A8-EBCF-4793-AEA2-9DE75689C014}.Release|Any CPU.ActiveCfg = Release|Any CPU
		{303A90A8-EBCF-4793-AEA2-9DE75689C014}.Release|Any CPU.Build.0 = Release|Any CPU
		{303A90A8-EBCF-4793-AEA2-9DE75689C014}.Release|x64.ActiveCfg = Release|Any CPU
		{303A90A8-EBCF-4793-AEA2-9DE75689C014}.Release|x64.Build.0 = Release|Any CPU
		{303A90A8-EBCF-4793-AEA2-9DE75689C014}.Release|x86.ActiveCfg = Release|Any CPU
		{303A90A8-EBCF-4793-AEA2-9DE75689C014}.Release|x86.Build.0 = Release|Any CPU
		{8D8F3A4D-CB28-46AA-9EF6-F8DDDF1C00D3}.Debug|Any CPU.ActiveCfg = Debug|Any CPU
		{8D8F3A4D-CB28-46AA-9EF6-F8DDDF1C00D3}.Debug|Any CPU.Build.0 = Debug|Any CPU
		{8D8F3A4D-CB28-46AA-9EF6-F8DDDF1C00D3}.Debug|x64.ActiveCfg = Debug|Any CPU
		{8D8F3A4D-CB28-46AA-9EF6-F8DDDF1C00D3}.Debug|x64.Build.0 = Debug|Any CPU
		{8D8F3A4D-CB28-46AA-9EF6-F8DDDF1C00D3}.Debug|x86.ActiveCfg = Debug|Any CPU
		{8D8F3A4D-CB28-46AA-9EF6-F8DDDF1C00D3}.Debug|x86.Build.0 = Debug|Any CPU
		{8D8F3A4D-CB28-46AA-9EF6-F8DDDF1C00D3}.Release|Any CPU.ActiveCfg = Release|Any CPU
		{8D8F3A4D-CB28-46AA-9EF6-F8DDDF1C00D3}.Release|Any CPU.Build.0 = Release|Any CPU
		{8D8F3A4D-CB28-46AA-9EF6-F8DDDF1C00D3}.Release|x64.ActiveCfg = Release|Any CPU
		{8D8F3A4D-CB28-46AA-9EF6-F8DDDF1C00D3}.Release|x64.Build.0 = Release|Any CPU
		{8D8F3A4D-CB28-46AA-9EF6-F8DDDF1C00D3}.Release|x86.ActiveCfg = Release|Any CPU
		{8D8F3A4D-CB28-46AA-9EF6-F8DDDF1C00D3}.Release|x86.Build.0 = Release|Any CPU
		{AEDB37E6-F0E1-44FB-829F-536542272713}.Debug|Any CPU.ActiveCfg = Debug|Any CPU
		{AEDB37E6-F0E1-44FB-829F-536542272713}.Debug|Any CPU.Build.0 = Debug|Any CPU
		{AEDB37E6-F0E1-44FB-829F-536542272713}.Debug|x64.ActiveCfg = Debug|Any CPU
		{AEDB37E6-F0E1-44FB-829F-536542272713}.Debug|x64.Build.0 = Debug|Any CPU
		{AEDB37E6-F0E1-44FB-829F-536542272713}.Debug|x86.ActiveCfg = Debug|Any CPU
		{AEDB37E6-F0E1-44FB-829F-536542272713}.Debug|x86.Build.0 = Debug|Any CPU
		{AEDB37E6-F0E1-44FB-829F-536542272713}.Release|Any CPU.ActiveCfg = Release|Any CPU
		{AEDB37E6-F0E1-44FB-829F-536542272713}.Release|Any CPU.Build.0 = Release|Any CPU
		{AEDB37E6-F0E1-44FB-829F-536542272713}.Release|x64.ActiveCfg = Release|Any CPU
		{AEDB37E6-F0E1-44FB-829F-536542272713}.Release|x64.Build.0 = Release|Any CPU
		{AEDB37E6-F0E1-44FB-829F-536542272713}.Release|x86.ActiveCfg = Release|Any CPU
		{AEDB37E6-F0E1-44FB-829F-536542272713}.Release|x86.Build.0 = Release|Any CPU
		{39C6BCA6-1856-4A0B-A3C3-AA2A6C87C4DA}.Debug|Any CPU.ActiveCfg = Debug|Any CPU
		{39C6BCA6-1856-4A0B-A3C3-AA2A6C87C4DA}.Debug|Any CPU.Build.0 = Debug|Any CPU
		{39C6BCA6-1856-4A0B-A3C3-AA2A6C87C4DA}.Debug|x64.ActiveCfg = Debug|Any CPU
		{39C6BCA6-1856-4A0B-A3C3-AA2A6C87C4DA}.Debug|x64.Build.0 = Debug|Any CPU
		{39C6BCA6-1856-4A0B-A3C3-AA2A6C87C4DA}.Debug|x86.ActiveCfg = Debug|Any CPU
		{39C6BCA6-1856-4A0B-A3C3-AA2A6C87C4DA}.Debug|x86.Build.0 = Debug|Any CPU
		{39C6BCA6-1856-4A0B-A3C3-AA2A6C87C4DA}.Release|Any CPU.ActiveCfg = Release|Any CPU
		{39C6BCA6-1856-4A0B-A3C3-AA2A6C87C4DA}.Release|Any CPU.Build.0 = Release|Any CPU
		{39C6BCA6-1856-4A0B-A3C3-AA2A6C87C4DA}.Release|x64.ActiveCfg = Release|Any CPU
		{39C6BCA6-1856-4A0B-A3C3-AA2A6C87C4DA}.Release|x64.Build.0 = Release|Any CPU
		{39C6BCA6-1856-4A0B-A3C3-AA2A6C87C4DA}.Release|x86.ActiveCfg = Release|Any CPU
		{39C6BCA6-1856-4A0B-A3C3-AA2A6C87C4DA}.Release|x86.Build.0 = Release|Any CPU
		{E26B62DB-8222-4596-B12D-B291E06AD610}.Debug|Any CPU.ActiveCfg = Debug|Any CPU
		{E26B62DB-8222-4596-B12D-B291E06AD610}.Debug|Any CPU.Build.0 = Debug|Any CPU
		{E26B62DB-8222-4596-B12D-B291E06AD610}.Debug|x64.ActiveCfg = Debug|Any CPU
		{E26B62DB-8222-4596-B12D-B291E06AD610}.Debug|x64.Build.0 = Debug|Any CPU
		{E26B62DB-8222-4596-B12D-B291E06AD610}.Debug|x86.ActiveCfg = Debug|Any CPU
		{E26B62DB-8222-4596-B12D-B291E06AD610}.Debug|x86.Build.0 = Debug|Any CPU
		{E26B62DB-8222-4596-B12D-B291E06AD610}.Release|Any CPU.ActiveCfg = Release|Any CPU
		{E26B62DB-8222-4596-B12D-B291E06AD610}.Release|Any CPU.Build.0 = Release|Any CPU
		{E26B62DB-8222-4596-B12D-B291E06AD610}.Release|x64.ActiveCfg = Release|Any CPU
		{E26B62DB-8222-4596-B12D-B291E06AD610}.Release|x64.Build.0 = Release|Any CPU
		{E26B62DB-8222-4596-B12D-B291E06AD610}.Release|x86.ActiveCfg = Release|Any CPU
		{E26B62DB-8222-4596-B12D-B291E06AD610}.Release|x86.Build.0 = Release|Any CPU
		{CDFAA543-87F4-435A-8A47-A20E5A2DD765}.Debug|Any CPU.ActiveCfg = Debug|Any CPU
		{CDFAA543-87F4-435A-8A47-A20E5A2DD765}.Debug|Any CPU.Build.0 = Debug|Any CPU
		{CDFAA543-87F4-435A-8A47-A20E5A2DD765}.Debug|x64.ActiveCfg = Debug|Any CPU
		{CDFAA543-87F4-435A-8A47-A20E5A2DD765}.Debug|x64.Build.0 = Debug|Any CPU
		{CDFAA543-87F4-435A-8A47-A20E5A2DD765}.Debug|x86.ActiveCfg = Debug|Any CPU
		{CDFAA543-87F4-435A-8A47-A20E5A2DD765}.Debug|x86.Build.0 = Debug|Any CPU
		{CDFAA543-87F4-435A-8A47-A20E5A2DD765}.Release|Any CPU.ActiveCfg = Release|Any CPU
		{CDFAA543-87F4-435A-8A47-A20E5A2DD765}.Release|Any CPU.Build.0 = Release|Any CPU
		{CDFAA543-87F4-435A-8A47-A20E5A2DD765}.Release|x64.ActiveCfg = Release|Any CPU
		{CDFAA543-87F4-435A-8A47-A20E5A2DD765}.Release|x64.Build.0 = Release|Any CPU
		{CDFAA543-87F4-435A-8A47-A20E5A2DD765}.Release|x86.ActiveCfg = Release|Any CPU
		{CDFAA543-87F4-435A-8A47-A20E5A2DD765}.Release|x86.Build.0 = Release|Any CPU
		{C841BD87-92CE-483B-A4E7-788AD2E7A82B}.Debug|Any CPU.ActiveCfg = Debug|Any CPU
		{C841BD87-92CE-483B-A4E7-788AD2E7A82B}.Debug|Any CPU.Build.0 = Debug|Any CPU
		{C841BD87-92CE-483B-A4E7-788AD2E7A82B}.Debug|x64.ActiveCfg = Debug|Any CPU
		{C841BD87-92CE-483B-A4E7-788AD2E7A82B}.Debug|x64.Build.0 = Debug|Any CPU
		{C841BD87-92CE-483B-A4E7-788AD2E7A82B}.Debug|x86.ActiveCfg = Debug|Any CPU
		{C841BD87-92CE-483B-A4E7-788AD2E7A82B}.Debug|x86.Build.0 = Debug|Any CPU
		{C841BD87-92CE-483B-A4E7-788AD2E7A82B}.Release|Any CPU.ActiveCfg = Release|Any CPU
		{C841BD87-92CE-483B-A4E7-788AD2E7A82B}.Release|Any CPU.Build.0 = Release|Any CPU
		{C841BD87-92CE-483B-A4E7-788AD2E7A82B}.Release|x64.ActiveCfg = Release|Any CPU
		{C841BD87-92CE-483B-A4E7-788AD2E7A82B}.Release|x64.Build.0 = Release|Any CPU
		{C841BD87-92CE-483B-A4E7-788AD2E7A82B}.Release|x86.ActiveCfg = Release|Any CPU
		{C841BD87-92CE-483B-A4E7-788AD2E7A82B}.Release|x86.Build.0 = Release|Any CPU
		{AAF28FB3-605E-4A83-8461-1E9F568FEC72}.Debug|Any CPU.ActiveCfg = Debug|Any CPU
		{AAF28FB3-605E-4A83-8461-1E9F568FEC72}.Debug|Any CPU.Build.0 = Debug|Any CPU
		{AAF28FB3-605E-4A83-8461-1E9F568FEC72}.Debug|x64.ActiveCfg = Debug|Any CPU
		{AAF28FB3-605E-4A83-8461-1E9F568FEC72}.Debug|x64.Build.0 = Debug|Any CPU
		{AAF28FB3-605E-4A83-8461-1E9F568FEC72}.Debug|x86.ActiveCfg = Debug|Any CPU
		{AAF28FB3-605E-4A83-8461-1E9F568FEC72}.Debug|x86.Build.0 = Debug|Any CPU
		{AAF28FB3-605E-4A83-8461-1E9F568FEC72}.Release|Any CPU.ActiveCfg = Release|Any CPU
		{AAF28FB3-605E-4A83-8461-1E9F568FEC72}.Release|Any CPU.Build.0 = Release|Any CPU
		{AAF28FB3-605E-4A83-8461-1E9F568FEC72}.Release|x64.ActiveCfg = Release|Any CPU
		{AAF28FB3-605E-4A83-8461-1E9F568FEC72}.Release|x64.Build.0 = Release|Any CPU
		{AAF28FB3-605E-4A83-8461-1E9F568FEC72}.Release|x86.ActiveCfg = Release|Any CPU
		{AAF28FB3-605E-4A83-8461-1E9F568FEC72}.Release|x86.Build.0 = Release|Any CPU
	EndGlobalSection
	GlobalSection(SolutionProperties) = preSolution
		HideSolutionNode = FALSE
	EndGlobalSection
	GlobalSection(NestedProjects) = preSolution
		{A9A0962F-DC8B-4BE3-B598-97FBC8C056C7} = {827E0CD3-B72D-47B6-A68D-7590B98EB39B}
		{8FA8EE46-89DA-4B52-9321-304B5D4826A6} = {827E0CD3-B72D-47B6-A68D-7590B98EB39B}
		{0A26AD52-644F-4D05-B779-5EAE3C48A577} = {827E0CD3-B72D-47B6-A68D-7590B98EB39B}
		{0644CFA7-3B4F-408C-ACBA-502914AE7053} = {827E0CD3-B72D-47B6-A68D-7590B98EB39B}
		{BBB78EE7-4E26-4CE5-A8CF-31C1EF600FE2} = {827E0CD3-B72D-47B6-A68D-7590B98EB39B}
		{303A90A8-EBCF-4793-AEA2-9DE75689C014} = {827E0CD3-B72D-47B6-A68D-7590B98EB39B}
		{8D8F3A4D-CB28-46AA-9EF6-F8DDDF1C00D3} = {827E0CD3-B72D-47B6-A68D-7590B98EB39B}
		{AEDB37E6-F0E1-44FB-829F-536542272713} = {827E0CD3-B72D-47B6-A68D-7590B98EB39B}
		{39C6BCA6-1856-4A0B-A3C3-AA2A6C87C4DA} = {0AB3BF05-4346-4AA6-1389-037BE0695223}
		{689FEDE2-90BB-DC48-387A-B72E0D0FF900} = {5D20AA90-6969-D8BD-9DCD-8634F4692FDA}
		{57302B84-4D1C-6FA3-A141-34C88E4B4E21} = {689FEDE2-90BB-DC48-387A-B72E0D0FF900}
		{E26B62DB-8222-4596-B12D-B291E06AD610} = {57302B84-4D1C-6FA3-A141-34C88E4B4E21}
		{60BBD065-6F81-9931-5180-0B8E308BDBFE} = {689FEDE2-90BB-DC48-387A-B72E0D0FF900}
		{CDFAA543-87F4-435A-8A47-A20E5A2DD765} = {60BBD065-6F81-9931-5180-0B8E308BDBFE}
		{8011AB8A-A99C-1319-3E4F-61F248808A00} = {689FEDE2-90BB-DC48-387A-B72E0D0FF900}
		{C841BD87-92CE-483B-A4E7-788AD2E7A82B} = {8011AB8A-A99C-1319-3E4F-61F248808A00}
		{AAF28FB3-605E-4A83-8461-1E9F568FEC72} = {827E0CD3-B72D-47B6-A68D-7590B98EB39B}
	EndGlobalSection
EndGlobal
